// !$*UTF8*$!
{
	archiveVersion = 1;
	classes = {
	};
	objectVersion = 55;
	objects = {

/* Begin PBXBuildFile section */
		38AE5B314595BAEEF3100A64 /* Pods_DemoTests.framework in Frameworks */ = {isa = PBXBuildFile; fileRef = 95AF9D96C418C8387EE77DB4 /* Pods_DemoTests.framework */; };
		8E8C7AC305A7CF7A78C08B32 /* Pods_Demo_DemoUITests.framework in Frameworks */ = {isa = PBXBuildFile; fileRef = BC9ACC01E991780A8928FA13 /* Pods_Demo_DemoUITests.framework */; };
		A93A7D99285256F900D6C945 /* DemoApp.swift in Sources */ = {isa = PBXBuildFile; fileRef = A93A7D98285256F900D6C945 /* DemoApp.swift */; };
		A93A7D9B285256F900D6C945 /* ContentView.swift in Sources */ = {isa = PBXBuildFile; fileRef = A93A7D9A285256F900D6C945 /* ContentView.swift */; };
		A93A7D9D285256FA00D6C945 /* Assets.xcassets in Resources */ = {isa = PBXBuildFile; fileRef = A93A7D9C285256FA00D6C945 /* Assets.xcassets */; };
		A93A7DA0285256FA00D6C945 /* Preview Assets.xcassets in Resources */ = {isa = PBXBuildFile; fileRef = A93A7D9F285256FA00D6C945 /* Preview Assets.xcassets */; };
		A93A7DAA285256FB00D6C945 /* DemoTests.swift in Sources */ = {isa = PBXBuildFile; fileRef = A93A7DA9285256FB00D6C945 /* DemoTests.swift */; };
		A93A7DB4285256FB00D6C945 /* DemoUITests.swift in Sources */ = {isa = PBXBuildFile; fileRef = A93A7DB3285256FB00D6C945 /* DemoUITests.swift */; };
		A93A7DB6285256FB00D6C945 /* DemoUITestsLaunchTests.swift in Sources */ = {isa = PBXBuildFile; fileRef = A93A7DB5285256FB00D6C945 /* DemoUITestsLaunchTests.swift */; };
		A93A7DC52852910200D6C945 /* Podfile in Resources */ = {isa = PBXBuildFile; fileRef = A93A7DC42852910200D6C945 /* Podfile */; };
		A93A7DC7285291A000D6C945 /* UserAdapter.swift in Sources */ = {isa = PBXBuildFile; fileRef = A93A7DC6285291A000D6C945 /* UserAdapter.swift */; };
		A93A7DCA2852922500D6C945 /* User.swift in Sources */ = {isa = PBXBuildFile; fileRef = A93A7DC92852922500D6C945 /* User.swift */; };
		A93A7DCC2852937500D6C945 /* Team.swift in Sources */ = {isa = PBXBuildFile; fileRef = A93A7DCB2852937500D6C945 /* Team.swift */; };
		CC76E20EEECB76E59DC6EF07 /* Pods_Demo.framework in Frameworks */ = {isa = PBXBuildFile; fileRef = 88178456FCE3D8E1A39EB0CA /* Pods_Demo.framework */; };
/* End PBXBuildFile section */

/* Begin PBXContainerItemProxy section */
		A93A7DA6285256FB00D6C945 /* PBXContainerItemProxy */ = {
			isa = PBXContainerItemProxy;
			containerPortal = A93A7D8D285256F900D6C945 /* Project object */;
			proxyType = 1;
			remoteGlobalIDString = A93A7D94285256F900D6C945;
			remoteInfo = Demo;
		};
		A93A7DB0285256FB00D6C945 /* PBXContainerItemProxy */ = {
			isa = PBXContainerItemProxy;
			containerPortal = A93A7D8D285256F900D6C945 /* Project object */;
			proxyType = 1;
			remoteGlobalIDString = A93A7D94285256F900D6C945;
			remoteInfo = Demo;
		};
/* End PBXContainerItemProxy section */

/* Begin PBXFileReference section */
		3F4B3BB796477A8808A9F85A /* Pods-Demo-DemoUITests.debug.xcconfig */ = {isa = PBXFileReference; includeInIndex = 1; lastKnownFileType = text.xcconfig; name = "Pods-Demo-DemoUITests.debug.xcconfig"; path = "Target Support Files/Pods-Demo-DemoUITests/Pods-Demo-DemoUITests.debug.xcconfig"; sourceTree = "<group>"; };
		6701F6DF11B42C6679B98F20 /* Pods-DemoTests.release.xcconfig */ = {isa = PBXFileReference; includeInIndex = 1; lastKnownFileType = text.xcconfig; name = "Pods-DemoTests.release.xcconfig"; path = "Target Support Files/Pods-DemoTests/Pods-DemoTests.release.xcconfig"; sourceTree = "<group>"; };
		7DB4A5CFEBE77AE761FAA838 /* Pods-DemoTests.debug.xcconfig */ = {isa = PBXFileReference; includeInIndex = 1; lastKnownFileType = text.xcconfig; name = "Pods-DemoTests.debug.xcconfig"; path = "Target Support Files/Pods-DemoTests/Pods-DemoTests.debug.xcconfig"; sourceTree = "<group>"; };
		88178456FCE3D8E1A39EB0CA /* Pods_Demo.framework */ = {isa = PBXFileReference; explicitFileType = wrapper.framework; includeInIndex = 0; path = Pods_Demo.framework; sourceTree = BUILT_PRODUCTS_DIR; };
		95AF9D96C418C8387EE77DB4 /* Pods_DemoTests.framework */ = {isa = PBXFileReference; explicitFileType = wrapper.framework; includeInIndex = 0; path = Pods_DemoTests.framework; sourceTree = BUILT_PRODUCTS_DIR; };
		A93A7D95285256F900D6C945 /* Demo.app */ = {isa = PBXFileReference; explicitFileType = wrapper.application; includeInIndex = 0; path = Demo.app; sourceTree = BUILT_PRODUCTS_DIR; };
		A93A7D98285256F900D6C945 /* DemoApp.swift */ = {isa = PBXFileReference; lastKnownFileType = sourcecode.swift; path = DemoApp.swift; sourceTree = "<group>"; };
		A93A7D9A285256F900D6C945 /* ContentView.swift */ = {isa = PBXFileReference; lastKnownFileType = sourcecode.swift; path = ContentView.swift; sourceTree = "<group>"; };
		A93A7D9C285256FA00D6C945 /* Assets.xcassets */ = {isa = PBXFileReference; lastKnownFileType = folder.assetcatalog; path = Assets.xcassets; sourceTree = "<group>"; };
		A93A7D9F285256FA00D6C945 /* Preview Assets.xcassets */ = {isa = PBXFileReference; lastKnownFileType = folder.assetcatalog; path = "Preview Assets.xcassets"; sourceTree = "<group>"; };
		A93A7DA5285256FB00D6C945 /* DemoTests.xctest */ = {isa = PBXFileReference; explicitFileType = wrapper.cfbundle; includeInIndex = 0; path = DemoTests.xctest; sourceTree = BUILT_PRODUCTS_DIR; };
		A93A7DA9285256FB00D6C945 /* DemoTests.swift */ = {isa = PBXFileReference; lastKnownFileType = sourcecode.swift; path = DemoTests.swift; sourceTree = "<group>"; };
		A93A7DAF285256FB00D6C945 /* DemoUITests.xctest */ = {isa = PBXFileReference; explicitFileType = wrapper.cfbundle; includeInIndex = 0; path = DemoUITests.xctest; sourceTree = BUILT_PRODUCTS_DIR; };
		A93A7DB3285256FB00D6C945 /* DemoUITests.swift */ = {isa = PBXFileReference; lastKnownFileType = sourcecode.swift; path = DemoUITests.swift; sourceTree = "<group>"; };
		A93A7DB5285256FB00D6C945 /* DemoUITestsLaunchTests.swift */ = {isa = PBXFileReference; lastKnownFileType = sourcecode.swift; path = DemoUITestsLaunchTests.swift; sourceTree = "<group>"; };
		A93A7DC42852910200D6C945 /* Podfile */ = {isa = PBXFileReference; fileEncoding = 4; lastKnownFileType = text; path = Podfile; sourceTree = "<group>"; xcLanguageSpecificationIdentifier = xcode.lang.ruby; };
		A93A7DC6285291A000D6C945 /* UserAdapter.swift */ = {isa = PBXFileReference; lastKnownFileType = sourcecode.swift; path = UserAdapter.swift; sourceTree = "<group>"; };
		A93A7DC92852922500D6C945 /* User.swift */ = {isa = PBXFileReference; lastKnownFileType = sourcecode.swift; path = User.swift; sourceTree = "<group>"; };
		A93A7DCB2852937500D6C945 /* Team.swift */ = {isa = PBXFileReference; lastKnownFileType = sourcecode.swift; path = Team.swift; sourceTree = "<group>"; };
		B93CDEED7F453423153B41D2 /* Pods-Demo-DemoUITests.release.xcconfig */ = {isa = PBXFileReference; includeInIndex = 1; lastKnownFileType = text.xcconfig; name = "Pods-Demo-DemoUITests.release.xcconfig"; path = "Target Support Files/Pods-Demo-DemoUITests/Pods-Demo-DemoUITests.release.xcconfig"; sourceTree = "<group>"; };
		BC9ACC01E991780A8928FA13 /* Pods_Demo_DemoUITests.framework */ = {isa = PBXFileReference; explicitFileType = wrapper.framework; includeInIndex = 0; path = Pods_Demo_DemoUITests.framework; sourceTree = BUILT_PRODUCTS_DIR; };
		F1E0F18713CBFAE58DDF0215 /* Pods-Demo.release.xcconfig */ = {isa = PBXFileReference; includeInIndex = 1; lastKnownFileType = text.xcconfig; name = "Pods-Demo.release.xcconfig"; path = "Target Support Files/Pods-Demo/Pods-Demo.release.xcconfig"; sourceTree = "<group>"; };
		FA77BFF241D05FAC8206E16B /* Pods-Demo.debug.xcconfig */ = {isa = PBXFileReference; includeInIndex = 1; lastKnownFileType = text.xcconfig; name = "Pods-Demo.debug.xcconfig"; path = "Target Support Files/Pods-Demo/Pods-Demo.debug.xcconfig"; sourceTree = "<group>"; };
/* End PBXFileReference section */

/* Begin PBXFrameworksBuildPhase section */
		A93A7D92285256F900D6C945 /* Frameworks */ = {
			isa = PBXFrameworksBuildPhase;
			buildActionMask = 2147483647;
			files = (
				CC76E20EEECB76E59DC6EF07 /* Pods_Demo.framework in Frameworks */,
			);
			runOnlyForDeploymentPostprocessing = 0;
		};
		A93A7DA2285256FB00D6C945 /* Frameworks */ = {
			isa = PBXFrameworksBuildPhase;
			buildActionMask = 2147483647;
			files = (
				38AE5B314595BAEEF3100A64 /* Pods_DemoTests.framework in Frameworks */,
			);
			runOnlyForDeploymentPostprocessing = 0;
		};
		A93A7DAC285256FB00D6C945 /* Frameworks */ = {
			isa = PBXFrameworksBuildPhase;
			buildActionMask = 2147483647;
			files = (
				8E8C7AC305A7CF7A78C08B32 /* Pods_Demo_DemoUITests.framework in Frameworks */,
			);
			runOnlyForDeploymentPostprocessing = 0;
		};
/* End PBXFrameworksBuildPhase section */

/* Begin PBXGroup section */
		0B21CF26055A811DD7EA200A /* Frameworks */ = {
			isa = PBXGroup;
			children = (
				88178456FCE3D8E1A39EB0CA /* Pods_Demo.framework */,
				BC9ACC01E991780A8928FA13 /* Pods_Demo_DemoUITests.framework */,
				95AF9D96C418C8387EE77DB4 /* Pods_DemoTests.framework */,
			);
			name = Frameworks;
			sourceTree = "<group>";
		};
		231436F128AF6780B238A773 /* Pods */ = {
			isa = PBXGroup;
			children = (
				FA77BFF241D05FAC8206E16B /* Pods-Demo.debug.xcconfig */,
				F1E0F18713CBFAE58DDF0215 /* Pods-Demo.release.xcconfig */,
				3F4B3BB796477A8808A9F85A /* Pods-Demo-DemoUITests.debug.xcconfig */,
				B93CDEED7F453423153B41D2 /* Pods-Demo-DemoUITests.release.xcconfig */,
				7DB4A5CFEBE77AE761FAA838 /* Pods-DemoTests.debug.xcconfig */,
				6701F6DF11B42C6679B98F20 /* Pods-DemoTests.release.xcconfig */,
			);
			path = Pods;
			sourceTree = "<group>";
		};
		A93A7D8C285256F900D6C945 = {
			isa = PBXGroup;
			children = (
				A93A7DC42852910200D6C945 /* Podfile */,
				A93A7D97285256F900D6C945 /* Demo */,
				A93A7DA8285256FB00D6C945 /* DemoTests */,
				A93A7DB2285256FB00D6C945 /* DemoUITests */,
				A93A7D96285256F900D6C945 /* Products */,
				231436F128AF6780B238A773 /* Pods */,
				0B21CF26055A811DD7EA200A /* Frameworks */,
			);
			sourceTree = "<group>";
		};
		A93A7D96285256F900D6C945 /* Products */ = {
			isa = PBXGroup;
			children = (
				A93A7D95285256F900D6C945 /* Demo.app */,
				A93A7DA5285256FB00D6C945 /* DemoTests.xctest */,
				A93A7DAF285256FB00D6C945 /* DemoUITests.xctest */,
			);
			name = Products;
			sourceTree = "<group>";
		};
		A93A7D97285256F900D6C945 /* Demo */ = {
			isa = PBXGroup;
			children = (
				A93A7DC228528EDC00D6C945 /* Data */,
				A93A7D98285256F900D6C945 /* DemoApp.swift */,
				A93A7D9A285256F900D6C945 /* ContentView.swift */,
				A93A7D9C285256FA00D6C945 /* Assets.xcassets */,
				A93A7D9E285256FA00D6C945 /* Preview Content */,
			);
			path = Demo;
			sourceTree = "<group>";
		};
		A93A7D9E285256FA00D6C945 /* Preview Content */ = {
			isa = PBXGroup;
			children = (
				A93A7D9F285256FA00D6C945 /* Preview Assets.xcassets */,
			);
			path = "Preview Content";
			sourceTree = "<group>";
		};
		A93A7DA8285256FB00D6C945 /* DemoTests */ = {
			isa = PBXGroup;
			children = (
				A93A7DA9285256FB00D6C945 /* DemoTests.swift */,
			);
			path = DemoTests;
			sourceTree = "<group>";
		};
		A93A7DB2285256FB00D6C945 /* DemoUITests */ = {
			isa = PBXGroup;
			children = (
				A93A7DB3285256FB00D6C945 /* DemoUITests.swift */,
				A93A7DB5285256FB00D6C945 /* DemoUITestsLaunchTests.swift */,
			);
			path = DemoUITests;
			sourceTree = "<group>";
		};
		A93A7DC228528EDC00D6C945 /* Data */ = {
			isa = PBXGroup;
			children = (
				A93A7DC82852921800D6C945 /* Domain */,
				A93A7DC328528EE600D6C945 /* Network */,
			);
			path = Data;
			sourceTree = "<group>";
		};
		A93A7DC328528EE600D6C945 /* Network */ = {
			isa = PBXGroup;
			children = (
				A93A7DC6285291A000D6C945 /* UserAdapter.swift */,
			);
			path = Network;
			sourceTree = "<group>";
		};
		A93A7DC82852921800D6C945 /* Domain */ = {
			isa = PBXGroup;
			children = (
				A93A7DC92852922500D6C945 /* User.swift */,
				A93A7DCB2852937500D6C945 /* Team.swift */,
			);
			path = Domain;
			sourceTree = "<group>";
		};
/* End PBXGroup section */

/* Begin PBXNativeTarget section */
		A93A7D94285256F900D6C945 /* Demo */ = {
			isa = PBXNativeTarget;
			buildConfigurationList = A93A7DB9285256FB00D6C945 /* Build configuration list for PBXNativeTarget "Demo" */;
			buildPhases = (
				D96514BF31719FE506782D63 /* [CP] Check Pods Manifest.lock */,
				A93A7D91285256F900D6C945 /* Sources */,
				A93A7D92285256F900D6C945 /* Frameworks */,
				A93A7D93285256F900D6C945 /* Resources */,
				9C8534FE108297C7C368D709 /* [CP] Embed Pods Frameworks */,
			);
			buildRules = (
			);
			dependencies = (
			);
			name = Demo;
			productName = Demo;
			productReference = A93A7D95285256F900D6C945 /* Demo.app */;
			productType = "com.apple.product-type.application";
		};
		A93A7DA4285256FB00D6C945 /* DemoTests */ = {
			isa = PBXNativeTarget;
			buildConfigurationList = A93A7DBC285256FB00D6C945 /* Build configuration list for PBXNativeTarget "DemoTests" */;
			buildPhases = (
				A8E192CFE729931D249A2D40 /* [CP] Check Pods Manifest.lock */,
				A93A7DA1285256FB00D6C945 /* Sources */,
				A93A7DA2285256FB00D6C945 /* Frameworks */,
				A93A7DA3285256FB00D6C945 /* Resources */,
			);
			buildRules = (
			);
			dependencies = (
				A93A7DA7285256FB00D6C945 /* PBXTargetDependency */,
			);
			name = DemoTests;
			productName = DemoTests;
			productReference = A93A7DA5285256FB00D6C945 /* DemoTests.xctest */;
			productType = "com.apple.product-type.bundle.unit-test";
		};
		A93A7DAE285256FB00D6C945 /* DemoUITests */ = {
			isa = PBXNativeTarget;
			buildConfigurationList = A93A7DBF285256FB00D6C945 /* Build configuration list for PBXNativeTarget "DemoUITests" */;
			buildPhases = (
				948EDBE360A771A0E0E68638 /* [CP] Check Pods Manifest.lock */,
				A93A7DAB285256FB00D6C945 /* Sources */,
				A93A7DAC285256FB00D6C945 /* Frameworks */,
				A93A7DAD285256FB00D6C945 /* Resources */,
				4F4D4328CE47D957B617D7E4 /* [CP] Embed Pods Frameworks */,
			);
			buildRules = (
			);
			dependencies = (
				A93A7DB1285256FB00D6C945 /* PBXTargetDependency */,
			);
			name = DemoUITests;
			productName = DemoUITests;
			productReference = A93A7DAF285256FB00D6C945 /* DemoUITests.xctest */;
			productType = "com.apple.product-type.bundle.ui-testing";
		};
/* End PBXNativeTarget section */

/* Begin PBXProject section */
		A93A7D8D285256F900D6C945 /* Project object */ = {
			isa = PBXProject;
			attributes = {
				BuildIndependentTargetsInParallel = 1;
				LastSwiftUpdateCheck = 1340;
				LastUpgradeCheck = 1340;
				TargetAttributes = {
					A93A7D94285256F900D6C945 = {
						CreatedOnToolsVersion = 13.4.1;
					};
					A93A7DA4285256FB00D6C945 = {
						CreatedOnToolsVersion = 13.4.1;
						TestTargetID = A93A7D94285256F900D6C945;
					};
					A93A7DAE285256FB00D6C945 = {
						CreatedOnToolsVersion = 13.4.1;
						TestTargetID = A93A7D94285256F900D6C945;
					};
				};
			};
			buildConfigurationList = A93A7D90285256F900D6C945 /* Build configuration list for PBXProject "Demo" */;
			compatibilityVersion = "Xcode 13.0";
			developmentRegion = en;
			hasScannedForEncodings = 0;
			knownRegions = (
				en,
				Base,
			);
			mainGroup = A93A7D8C285256F900D6C945;
			productRefGroup = A93A7D96285256F900D6C945 /* Products */;
			projectDirPath = "";
			projectRoot = "";
			targets = (
				A93A7D94285256F900D6C945 /* Demo */,
				A93A7DA4285256FB00D6C945 /* DemoTests */,
				A93A7DAE285256FB00D6C945 /* DemoUITests */,
			);
		};
/* End PBXProject section */

/* Begin PBXResourcesBuildPhase section */
		A93A7D93285256F900D6C945 /* Resources */ = {
			isa = PBXResourcesBuildPhase;
			buildActionMask = 2147483647;
			files = (
				A93A7DC52852910200D6C945 /* Podfile in Resources */,
				A93A7DA0285256FA00D6C945 /* Preview Assets.xcassets in Resources */,
				A93A7D9D285256FA00D6C945 /* Assets.xcassets in Resources */,
			);
			runOnlyForDeploymentPostprocessing = 0;
		};
		A93A7DA3285256FB00D6C945 /* Resources */ = {
			isa = PBXResourcesBuildPhase;
			buildActionMask = 2147483647;
			files = (
			);
			runOnlyForDeploymentPostprocessing = 0;
		};
		A93A7DAD285256FB00D6C945 /* Resources */ = {
			isa = PBXResourcesBuildPhase;
			buildActionMask = 2147483647;
			files = (
			);
			runOnlyForDeploymentPostprocessing = 0;
		};
/* End PBXResourcesBuildPhase section */

/* Begin PBXShellScriptBuildPhase section */
		4F4D4328CE47D957B617D7E4 /* [CP] Embed Pods Frameworks */ = {
			isa = PBXShellScriptBuildPhase;
			buildActionMask = 2147483647;
			files = (
			);
			inputFileListPaths = (
				"${PODS_ROOT}/Target Support Files/Pods-Demo-DemoUITests/Pods-Demo-DemoUITests-frameworks-${CONFIGURATION}-input-files.xcfilelist",
			);
			name = "[CP] Embed Pods Frameworks";
			outputFileListPaths = (
				"${PODS_ROOT}/Target Support Files/Pods-Demo-DemoUITests/Pods-Demo-DemoUITests-frameworks-${CONFIGURATION}-output-files.xcfilelist",
			);
			runOnlyForDeploymentPostprocessing = 0;
			shellPath = /bin/sh;
			shellScript = "\"${PODS_ROOT}/Target Support Files/Pods-Demo-DemoUITests/Pods-Demo-DemoUITests-frameworks.sh\"\n";
			showEnvVarsInLog = 0;
		};
		948EDBE360A771A0E0E68638 /* [CP] Check Pods Manifest.lock */ = {
			isa = PBXShellScriptBuildPhase;
			buildActionMask = 2147483647;
			files = (
			);
			inputFileListPaths = (
			);
			inputPaths = (
				"${PODS_PODFILE_DIR_PATH}/Podfile.lock",
				"${PODS_ROOT}/Manifest.lock",
			);
			name = "[CP] Check Pods Manifest.lock";
			outputFileListPaths = (
			);
			outputPaths = (
				"$(DERIVED_FILE_DIR)/Pods-Demo-DemoUITests-checkManifestLockResult.txt",
			);
			runOnlyForDeploymentPostprocessing = 0;
			shellPath = /bin/sh;
			shellScript = "diff \"${PODS_PODFILE_DIR_PATH}/Podfile.lock\" \"${PODS_ROOT}/Manifest.lock\" > /dev/null\nif [ $? != 0 ] ; then\n    # print error to STDERR\n    echo \"error: The sandbox is not in sync with the Podfile.lock. Run 'pod install' or update your CocoaPods installation.\" >&2\n    exit 1\nfi\n# This output is used by Xcode 'outputs' to avoid re-running this script phase.\necho \"SUCCESS\" > \"${SCRIPT_OUTPUT_FILE_0}\"\n";
			showEnvVarsInLog = 0;
		};
		9C8534FE108297C7C368D709 /* [CP] Embed Pods Frameworks */ = {
			isa = PBXShellScriptBuildPhase;
			buildActionMask = 2147483647;
			files = (
			);
			inputFileListPaths = (
				"${PODS_ROOT}/Target Support Files/Pods-Demo/Pods-Demo-frameworks-${CONFIGURATION}-input-files.xcfilelist",
			);
			name = "[CP] Embed Pods Frameworks";
			outputFileListPaths = (
				"${PODS_ROOT}/Target Support Files/Pods-Demo/Pods-Demo-frameworks-${CONFIGURATION}-output-files.xcfilelist",
			);
			runOnlyForDeploymentPostprocessing = 0;
			shellPath = /bin/sh;
			shellScript = "\"${PODS_ROOT}/Target Support Files/Pods-Demo/Pods-Demo-frameworks.sh\"\n";
			showEnvVarsInLog = 0;
		};
		A8E192CFE729931D249A2D40 /* [CP] Check Pods Manifest.lock */ = {
			isa = PBXShellScriptBuildPhase;
			buildActionMask = 2147483647;
			files = (
			);
			inputFileListPaths = (
			);
			inputPaths = (
				"${PODS_PODFILE_DIR_PATH}/Podfile.lock",
				"${PODS_ROOT}/Manifest.lock",
			);
			name = "[CP] Check Pods Manifest.lock";
			outputFileListPaths = (
			);
			outputPaths = (
				"$(DERIVED_FILE_DIR)/Pods-DemoTests-checkManifestLockResult.txt",
			);
			runOnlyForDeploymentPostprocessing = 0;
			shellPath = /bin/sh;
			shellScript = "diff \"${PODS_PODFILE_DIR_PATH}/Podfile.lock\" \"${PODS_ROOT}/Manifest.lock\" > /dev/null\nif [ $? != 0 ] ; then\n    # print error to STDERR\n    echo \"error: The sandbox is not in sync with the Podfile.lock. Run 'pod install' or update your CocoaPods installation.\" >&2\n    exit 1\nfi\n# This output is used by Xcode 'outputs' to avoid re-running this script phase.\necho \"SUCCESS\" > \"${SCRIPT_OUTPUT_FILE_0}\"\n";
			showEnvVarsInLog = 0;
		};
		D96514BF31719FE506782D63 /* [CP] Check Pods Manifest.lock */ = {
			isa = PBXShellScriptBuildPhase;
			buildActionMask = 2147483647;
			files = (
			);
			inputFileListPaths = (
			);
			inputPaths = (
				"${PODS_PODFILE_DIR_PATH}/Podfile.lock",
				"${PODS_ROOT}/Manifest.lock",
			);
			name = "[CP] Check Pods Manifest.lock";
			outputFileListPaths = (
			);
			outputPaths = (
				"$(DERIVED_FILE_DIR)/Pods-Demo-checkManifestLockResult.txt",
			);
			runOnlyForDeploymentPostprocessing = 0;
			shellPath = /bin/sh;
			shellScript = "diff \"${PODS_PODFILE_DIR_PATH}/Podfile.lock\" \"${PODS_ROOT}/Manifest.lock\" > /dev/null\nif [ $? != 0 ] ; then\n    # print error to STDERR\n    echo \"error: The sandbox is not in sync with the Podfile.lock. Run 'pod install' or update your CocoaPods installation.\" >&2\n    exit 1\nfi\n# This output is used by Xcode 'outputs' to avoid re-running this script phase.\necho \"SUCCESS\" > \"${SCRIPT_OUTPUT_FILE_0}\"\n";
			showEnvVarsInLog = 0;
		};
/* End PBXShellScriptBuildPhase section */

/* Begin PBXSourcesBuildPhase section */
		A93A7D91285256F900D6C945 /* Sources */ = {
			isa = PBXSourcesBuildPhase;
			buildActionMask = 2147483647;
			files = (
				A93A7DCA2852922500D6C945 /* User.swift in Sources */,
				A93A7D9B285256F900D6C945 /* ContentView.swift in Sources */,
				A93A7DC7285291A000D6C945 /* UserAdapter.swift in Sources */,
				A93A7DCC2852937500D6C945 /* Team.swift in Sources */,
				A93A7D99285256F900D6C945 /* DemoApp.swift in Sources */,
			);
			runOnlyForDeploymentPostprocessing = 0;
		};
		A93A7DA1285256FB00D6C945 /* Sources */ = {
			isa = PBXSourcesBuildPhase;
			buildActionMask = 2147483647;
			files = (
				A93A7DAA285256FB00D6C945 /* DemoTests.swift in Sources */,
			);
			runOnlyForDeploymentPostprocessing = 0;
		};
		A93A7DAB285256FB00D6C945 /* Sources */ = {
			isa = PBXSourcesBuildPhase;
			buildActionMask = 2147483647;
			files = (
				A93A7DB4285256FB00D6C945 /* DemoUITests.swift in Sources */,
				A93A7DB6285256FB00D6C945 /* DemoUITestsLaunchTests.swift in Sources */,
			);
			runOnlyForDeploymentPostprocessing = 0;
		};
/* End PBXSourcesBuildPhase section */

/* Begin PBXTargetDependency section */
		A93A7DA7285256FB00D6C945 /* PBXTargetDependency */ = {
			isa = PBXTargetDependency;
			target = A93A7D94285256F900D6C945 /* Demo */;
			targetProxy = A93A7DA6285256FB00D6C945 /* PBXContainerItemProxy */;
		};
		A93A7DB1285256FB00D6C945 /* PBXTargetDependency */ = {
			isa = PBXTargetDependency;
			target = A93A7D94285256F900D6C945 /* Demo */;
			targetProxy = A93A7DB0285256FB00D6C945 /* PBXContainerItemProxy */;
		};
/* End PBXTargetDependency section */

/* Begin XCBuildConfiguration section */
		A93A7DB7285256FB00D6C945 /* Debug */ = {
			isa = XCBuildConfiguration;
			buildSettings = {
				ALWAYS_SEARCH_USER_PATHS = NO;
				CLANG_ANALYZER_NONNULL = YES;
				CLANG_ANALYZER_NUMBER_OBJECT_CONVERSION = YES_AGGRESSIVE;
				CLANG_CXX_LANGUAGE_STANDARD = "gnu++17";
				CLANG_ENABLE_MODULES = YES;
				CLANG_ENABLE_OBJC_ARC = YES;
				CLANG_ENABLE_OBJC_WEAK = YES;
				CLANG_WARN_BLOCK_CAPTURE_AUTORELEASING = YES;
				CLANG_WARN_BOOL_CONVERSION = YES;
				CLANG_WARN_COMMA = YES;
				CLANG_WARN_CONSTANT_CONVERSION = YES;
				CLANG_WARN_DEPRECATED_OBJC_IMPLEMENTATIONS = YES;
				CLANG_WARN_DIRECT_OBJC_ISA_USAGE = YES_ERROR;
				CLANG_WARN_DOCUMENTATION_COMMENTS = YES;
				CLANG_WARN_EMPTY_BODY = YES;
				CLANG_WARN_ENUM_CONVERSION = YES;
				CLANG_WARN_INFINITE_RECURSION = YES;
				CLANG_WARN_INT_CONVERSION = YES;
				CLANG_WARN_NON_LITERAL_NULL_CONVERSION = YES;
				CLANG_WARN_OBJC_IMPLICIT_RETAIN_SELF = YES;
				CLANG_WARN_OBJC_LITERAL_CONVERSION = YES;
				CLANG_WARN_OBJC_ROOT_CLASS = YES_ERROR;
				CLANG_WARN_QUOTED_INCLUDE_IN_FRAMEWORK_HEADER = YES;
				CLANG_WARN_RANGE_LOOP_ANALYSIS = YES;
				CLANG_WARN_STRICT_PROTOTYPES = YES;
				CLANG_WARN_SUSPICIOUS_MOVE = YES;
				CLANG_WARN_UNGUARDED_AVAILABILITY = YES_AGGRESSIVE;
				CLANG_WARN_UNREACHABLE_CODE = YES;
				CLANG_WARN__DUPLICATE_METHOD_MATCH = YES;
				COPY_PHASE_STRIP = NO;
				DEBUG_INFORMATION_FORMAT = dwarf;
				ENABLE_STRICT_OBJC_MSGSEND = YES;
				ENABLE_TESTABILITY = YES;
				GCC_C_LANGUAGE_STANDARD = gnu11;
				GCC_DYNAMIC_NO_PIC = NO;
				GCC_NO_COMMON_BLOCKS = YES;
				GCC_OPTIMIZATION_LEVEL = 0;
				GCC_PREPROCESSOR_DEFINITIONS = (
					"DEBUG=1",
					"$(inherited)",
				);
				GCC_WARN_64_TO_32_BIT_CONVERSION = YES;
				GCC_WARN_ABOUT_RETURN_TYPE = YES_ERROR;
				GCC_WARN_UNDECLARED_SELECTOR = YES;
				GCC_WARN_UNINITIALIZED_AUTOS = YES_AGGRESSIVE;
				GCC_WARN_UNUSED_FUNCTION = YES;
				GCC_WARN_UNUSED_VARIABLE = YES;
				IPHONEOS_DEPLOYMENT_TARGET = 15.5;
				MTL_ENABLE_DEBUG_INFO = INCLUDE_SOURCE;
				MTL_FAST_MATH = YES;
				ONLY_ACTIVE_ARCH = YES;
				SDKROOT = iphoneos;
				SWIFT_ACTIVE_COMPILATION_CONDITIONS = DEBUG;
				SWIFT_OPTIMIZATION_LEVEL = "-Onone";
			};
			name = Debug;
		};
		A93A7DB8285256FB00D6C945 /* Release */ = {
			isa = XCBuildConfiguration;
			buildSettings = {
				ALWAYS_SEARCH_USER_PATHS = NO;
				CLANG_ANALYZER_NONNULL = YES;
				CLANG_ANALYZER_NUMBER_OBJECT_CONVERSION = YES_AGGRESSIVE;
				CLANG_CXX_LANGUAGE_STANDARD = "gnu++17";
				CLANG_ENABLE_MODULES = YES;
				CLANG_ENABLE_OBJC_ARC = YES;
				CLANG_ENABLE_OBJC_WEAK = YES;
				CLANG_WARN_BLOCK_CAPTURE_AUTORELEASING = YES;
				CLANG_WARN_BOOL_CONVERSION = YES;
				CLANG_WARN_COMMA = YES;
				CLANG_WARN_CONSTANT_CONVERSION = YES;
				CLANG_WARN_DEPRECATED_OBJC_IMPLEMENTATIONS = YES;
				CLANG_WARN_DIRECT_OBJC_ISA_USAGE = YES_ERROR;
				CLANG_WARN_DOCUMENTATION_COMMENTS = YES;
				CLANG_WARN_EMPTY_BODY = YES;
				CLANG_WARN_ENUM_CONVERSION = YES;
				CLANG_WARN_INFINITE_RECURSION = YES;
				CLANG_WARN_INT_CONVERSION = YES;
				CLANG_WARN_NON_LITERAL_NULL_CONVERSION = YES;
				CLANG_WARN_OBJC_IMPLICIT_RETAIN_SELF = YES;
				CLANG_WARN_OBJC_LITERAL_CONVERSION = YES;
				CLANG_WARN_OBJC_ROOT_CLASS = YES_ERROR;
				CLANG_WARN_QUOTED_INCLUDE_IN_FRAMEWORK_HEADER = YES;
				CLANG_WARN_RANGE_LOOP_ANALYSIS = YES;
				CLANG_WARN_STRICT_PROTOTYPES = YES;
				CLANG_WARN_SUSPICIOUS_MOVE = YES;
				CLANG_WARN_UNGUARDED_AVAILABILITY = YES_AGGRESSIVE;
				CLANG_WARN_UNREACHABLE_CODE = YES;
				CLANG_WARN__DUPLICATE_METHOD_MATCH = YES;
				COPY_PHASE_STRIP = NO;
				DEBUG_INFORMATION_FORMAT = "dwarf-with-dsym";
				ENABLE_NS_ASSERTIONS = NO;
				ENABLE_STRICT_OBJC_MSGSEND = YES;
				GCC_C_LANGUAGE_STANDARD = gnu11;
				GCC_NO_COMMON_BLOCKS = YES;
				GCC_WARN_64_TO_32_BIT_CONVERSION = YES;
				GCC_WARN_ABOUT_RETURN_TYPE = YES_ERROR;
				GCC_WARN_UNDECLARED_SELECTOR = YES;
				GCC_WARN_UNINITIALIZED_AUTOS = YES_AGGRESSIVE;
				GCC_WARN_UNUSED_FUNCTION = YES;
				GCC_WARN_UNUSED_VARIABLE = YES;
				IPHONEOS_DEPLOYMENT_TARGET = 15.5;
				MTL_ENABLE_DEBUG_INFO = NO;
				MTL_FAST_MATH = YES;
				SDKROOT = iphoneos;
				SWIFT_COMPILATION_MODE = wholemodule;
				SWIFT_OPTIMIZATION_LEVEL = "-O";
				VALIDATE_PRODUCT = YES;
			};
			name = Release;
		};
		A93A7DBA285256FB00D6C945 /* Debug */ = {
			isa = XCBuildConfiguration;
			baseConfigurationReference = FA77BFF241D05FAC8206E16B /* Pods-Demo.debug.xcconfig */;
			buildSettings = {
				ASSETCATALOG_COMPILER_APPICON_NAME = AppIcon;
				ASSETCATALOG_COMPILER_GLOBAL_ACCENT_COLOR_NAME = AccentColor;
				CODE_SIGN_STYLE = Automatic;
				CURRENT_PROJECT_VERSION = 1;
				DEVELOPMENT_ASSET_PATHS = "\"Demo/Preview Content\"";
				ENABLE_PREVIEWS = YES;
				GENERATE_INFOPLIST_FILE = YES;
				INFOPLIST_KEY_UIApplicationSceneManifest_Generation = YES;
				INFOPLIST_KEY_UIApplicationSupportsIndirectInputEvents = YES;
				INFOPLIST_KEY_UILaunchScreen_Generation = YES;
				INFOPLIST_KEY_UISupportedInterfaceOrientations_iPad = "UIInterfaceOrientationPortrait UIInterfaceOrientationPortraitUpsideDown UIInterfaceOrientationLandscapeLeft UIInterfaceOrientationLandscapeRight";
				INFOPLIST_KEY_UISupportedInterfaceOrientations_iPhone = "UIInterfaceOrientationPortrait UIInterfaceOrientationLandscapeLeft UIInterfaceOrientationLandscapeRight";
				LD_RUNPATH_SEARCH_PATHS = (
					"$(inherited)",
					"@executable_path/Frameworks",
				);
				MARKETING_VERSION = 1.0;
				PRODUCT_BUNDLE_IDENTIFIER = com.redbee.Demo;
				PRODUCT_NAME = "$(TARGET_NAME)";
				SWIFT_EMIT_LOC_STRINGS = YES;
				SWIFT_VERSION = 5.0;
				TARGETED_DEVICE_FAMILY = "1,2";
			};
			name = Debug;
		};
		A93A7DBB285256FB00D6C945 /* Release */ = {
			isa = XCBuildConfiguration;
			baseConfigurationReference = F1E0F18713CBFAE58DDF0215 /* Pods-Demo.release.xcconfig */;
			buildSettings = {
				ASSETCATALOG_COMPILER_APPICON_NAME = AppIcon;
				ASSETCATALOG_COMPILER_GLOBAL_ACCENT_COLOR_NAME = AccentColor;
				CODE_SIGN_STYLE = Automatic;
				CURRENT_PROJECT_VERSION = 1;
				DEVELOPMENT_ASSET_PATHS = "\"Demo/Preview Content\"";
				ENABLE_PREVIEWS = YES;
				GENERATE_INFOPLIST_FILE = YES;
				INFOPLIST_KEY_UIApplicationSceneManifest_Generation = YES;
				INFOPLIST_KEY_UIApplicationSupportsIndirectInputEvents = YES;
				INFOPLIST_KEY_UILaunchScreen_Generation = YES;
				INFOPLIST_KEY_UISupportedInterfaceOrientations_iPad = "UIInterfaceOrientationPortrait UIInterfaceOrientationPortraitUpsideDown UIInterfaceOrientationLandscapeLeft UIInterfaceOrientationLandscapeRight";
				INFOPLIST_KEY_UISupportedInterfaceOrientations_iPhone = "UIInterfaceOrientationPortrait UIInterfaceOrientationLandscapeLeft UIInterfaceOrientationLandscapeRight";
				LD_RUNPATH_SEARCH_PATHS = (
					"$(inherited)",
					"@executable_path/Frameworks",
				);
				MARKETING_VERSION = 1.0;
				PRODUCT_BUNDLE_IDENTIFIER = com.redbee.Demo;
				PRODUCT_NAME = "$(TARGET_NAME)";
				SWIFT_EMIT_LOC_STRINGS = YES;
				SWIFT_VERSION = 5.0;
				TARGETED_DEVICE_FAMILY = "1,2";
			};
			name = Release;
		};
		A93A7DBD285256FB00D6C945 /* Debug */ = {
			isa = XCBuildConfiguration;
			baseConfigurationReference = 7DB4A5CFEBE77AE761FAA838 /* Pods-DemoTests.debug.xcconfig */;
			buildSettings = {
				ALWAYS_EMBED_SWIFT_STANDARD_LIBRARIES = YES;
				BUNDLE_LOADER = "$(TEST_HOST)";
				CODE_SIGN_STYLE = Automatic;
				CURRENT_PROJECT_VERSION = 1;
				GENERATE_INFOPLIST_FILE = YES;
				IPHONEOS_DEPLOYMENT_TARGET = 15.5;
				MARKETING_VERSION = 1.0;
				PRODUCT_BUNDLE_IDENTIFIER = com.redbee.DemoTests;
				PRODUCT_NAME = "$(TARGET_NAME)";
				SWIFT_EMIT_LOC_STRINGS = NO;
				SWIFT_VERSION = 5.0;
				TARGETED_DEVICE_FAMILY = "1,2";
				TEST_HOST = "$(BUILT_PRODUCTS_DIR)/Demo.app/Demo";
			};
			name = Debug;
		};
		A93A7DBE285256FB00D6C945 /* Release */ = {
			isa = XCBuildConfiguration;
			baseConfigurationReference = 6701F6DF11B42C6679B98F20 /* Pods-DemoTests.release.xcconfig */;
			buildSettings = {
				ALWAYS_EMBED_SWIFT_STANDARD_LIBRARIES = YES;
				BUNDLE_LOADER = "$(TEST_HOST)";
				CODE_SIGN_STYLE = Automatic;
				CURRENT_PROJECT_VERSION = 1;
				GENERATE_INFOPLIST_FILE = YES;
				IPHONEOS_DEPLOYMENT_TARGET = 15.5;
				MARKETING_VERSION = 1.0;
				PRODUCT_BUNDLE_IDENTIFIER = com.redbee.DemoTests;
				PRODUCT_NAME = "$(TARGET_NAME)";
				SWIFT_EMIT_LOC_STRINGS = NO;
				SWIFT_VERSION = 5.0;
				TARGETED_DEVICE_FAMILY = "1,2";
				TEST_HOST = "$(BUILT_PRODUCTS_DIR)/Demo.app/Demo";
			};
			name = Release;
		};
		A93A7DC0285256FB00D6C945 /* Debug */ = {
			isa = XCBuildConfiguration;
			baseConfigurationReference = 3F4B3BB796477A8808A9F85A /* Pods-Demo-DemoUITests.debug.xcconfig */;
			buildSettings = {
				ALWAYS_EMBED_SWIFT_STANDARD_LIBRARIES = YES;
				CODE_SIGN_STYLE = Automatic;
				CURRENT_PROJECT_VERSION = 1;
				GENERATE_INFOPLIST_FILE = YES;
				MARKETING_VERSION = 1.0;
				PRODUCT_BUNDLE_IDENTIFIER = com.redbee.DemoUITests;
				PRODUCT_NAME = "$(TARGET_NAME)";
				SWIFT_EMIT_LOC_STRINGS = NO;
				SWIFT_VERSION = 5.0;
				TARGETED_DEVICE_FAMILY = "1,2";
				TEST_TARGET_NAME = Demo;
			};
			name = Debug;
		};
		A93A7DC1285256FB00D6C945 /* Release */ = {
			isa = XCBuildConfiguration;
			baseConfigurationReference = B93CDEED7F453423153B41D2 /* Pods-Demo-DemoUITests.release.xcconfig */;
			buildSettings = {
				ALWAYS_EMBED_SWIFT_STANDARD_LIBRARIES = YES;
				CODE_SIGN_STYLE = Automatic;
				CURRENT_PROJECT_VERSION = 1;
				GENERATE_INFOPLIST_FILE = YES;
				MARKETING_VERSION = 1.0;
				PRODUCT_BUNDLE_IDENTIFIER = com.redbee.DemoUITests;
				PRODUCT_NAME = "$(TARGET_NAME)";
				SWIFT_EMIT_LOC_STRINGS = NO;
				SWIFT_VERSION = 5.0;
				TARGETED_DEVICE_FAMILY = "1,2";
				TEST_TARGET_NAME = Demo;
			};
			name = Release;
		};
/* End XCBuildConfiguration section */

/* Begin XCConfigurationList section */
		A93A7D90285256F900D6C945 /* Build configuration list for PBXProject "Demo" */ = {
			isa = XCConfigurationList;
			buildConfigurations = (
				A93A7DB7285256FB00D6C945 /* Debug */,
				A93A7DB8285256FB00D6C945 /* Release */,
			);
			defaultConfigurationIsVisible = 0;
			defaultConfigurationName = Release;
		};
		A93A7DB9285256FB00D6C945 /* Build configuration list for PBXNativeTarget "Demo" */ = {
			isa = XCConfigurationList;
			buildConfigurations = (
				A93A7DBA285256FB00D6C945 /* Debug */,
				A93A7DBB285256FB00D6C945 /* Release */,
			);
			defaultConfigurationIsVisible = 0;
			defaultConfigurationName = Release;
		};
		A93A7DBC285256FB00D6C945 /* Build configuration list for PBXNativeTarget "DemoTests" */ = {
			isa = XCConfigurationList;
			buildConfigurations = (
				A93A7DBD285256FB00D6C945 /* Debug */,
				A93A7DBE285256FB00D6C945 /* Release */,
			);
			defaultConfigurationIsVisible = 0;
			defaultConfigurationName = Release;
		};
		A93A7DBF285256FB00D6C945 /* Build configuration list for PBXNativeTarget "DemoUITests" */ = {
			isa = XCConfigurationList;
			buildConfigurations = (
				A93A7DC0285256FB00D6C945 /* Debug */,
				A93A7DC1285256FB00D6C945 /* Release */,
			);
			defaultConfigurationIsVisible = 0;
			defaultConfigurationName = Release;
		};
/* End XCConfigurationList section */
	};
	rootObject = A93A7D8D285256F900D6C945 /* Project object */;
}
